
Microsoft Visual Studio Solution File, Format Version 12.00
# Visual Studio 15
VisualStudioVersion = 15.0.28010.2048
MinimumVisualStudioVersion = 10.0.40219.1
Project("{A0786B88-2ADB-4C21-ABE8-AA2D79766269}") = "XMarksThePubRestAPI", "XMarksThePubRestAPI\XMarksThePubRestAPI.phpproj", "{C3E4E500-51F4-460A-95F9-40BB7C058E7B}"
EndProject
Global
	GlobalSection(SolutionConfigurationPlatforms) = preSolution
		Debug|Any CPU = Debug|Any CPU
		Release|Any CPU = Release|Any CPU
	EndGlobalSection
	GlobalSection(ProjectConfigurationPlatforms) = postSolution
		{C3E4E500-51F4-460A-95F9-40BB7C058E7B}.Debug|Any CPU.ActiveCfg = Debug|Any CPU
		{C3E4E500-51F4-460A-95F9-40BB7C058E7B}.Release|Any CPU.ActiveCfg = Release|Any CPU
	EndGlobalSection
	GlobalSection(SolutionProperties) = preSolution
		HideSolutionNode = FALSE
	EndGlobalSection
	GlobalSection(ExtensibilityGlobals) = postSolution
		SolutionGuid = {A681AA37-2DFC-4A12-95C1-75C6EA430A04}
	EndGlobalSection
EndGlobal
